{
  "lockfileVersion": 1,
  "configVersion": 1,
  "workspaces": {
    "": {
      "name": "betternovelpia",
      "devDependencies": {
        "@types/bun": "^1.4.0",
        "@types/js-cookie": "^3.0.6",
        "@types/react": "^19.2.18",
        "@types/react-dom": "^19.2.4",
        "@violentmonkey/types": "^0.3.4",
        "bun-plugin-glob-import": "^1.1.1",
        "js-cookie": "^3.0.8",
        "ky": "^2.0.2",
        "react": "^19.2.8",
        "react-dom": "^19.2.8",
        "use-long-press": "^3.3.0",
      },
    },
  },
  "packages": {
    "@types/bun": ["@types/bun@1.4.0", "", { "dependencies": { "bun-types": "1.4.0" } }, "sha512-K+lZULY23vRgK/CfTjFIV+tyifaNdSMlPh9j+6mQ/cLfpOznLyAuzgV/JQysyECpkBQLVMSyvjlr2fBUSA9wFQ=="],

    "@types/js-cookie": ["@types/js-cookie@3.0.6", "", {}, "sha512-wkw9yd1kEXOPnvEeEV1Go1MmxtBJL0RR79aOTAApecWFVu7w0NNXNqhcWgvw2YgZDYadliXkl14pa3WXw5jlCQ=="],

    "@types/node": ["@types/node@26.1.1", "", { "dependencies": { "undici-types": "~8.3.0" } }, "sha512-nxAkRSVkN1Y0JC1W8ky/fTfkGsMmcrRsbx+3XoZE+rMOX71kLYTV7fLXpqud1GpbpP5TuffXFqfX7fH2GgZREw=="],

    "@types/react": ["@types/react@19.2.18", "", { "dependencies": { "csstype": "^3.2.2" } }, "sha512-AnzbBERsrLKtk2XSfTbYRLjQPdy116Sty4q+T+Bp3IC4l6jNBvreVPAHmpq9qhXQM7CXZPjLVmGMw9sy+hxQ3w=="],

    "@types/react-dom": ["@types/react-dom@19.2.4", "", { "peerDependencies": { "@types/react": "^19.2.0" } }, "sha512-Bsc+QHgp+P/F02XDzNCY9jnZNCUuLki36KT7VKrTXXLdHf+vHMNZnW1rVu5DNW/rCK+fya3DATySbLM4yhtKUw=="],

    "@violentmonkey/types": ["@violentmonkey/types@0.3.4", "", { "dependencies": { "user-agent-data-types": "^0.4.2" } }, "sha512-4i8/8X4Dk/py+RWTdfJbQcQGOx7COossGrw3uhrNegqwuAtC6pBXpJMKcdkPxxJklxmnWPaX4kvB5hypZfhY4g=="],

    "bun-plugin-glob-import": ["bun-plugin-glob-import@1.1.1", "", { "peerDependencies": { "typescript": "^5.0.0" } }, "sha512-o4rEMsCbq6yZ/fXQ75GzFpudawUd8N6ARFTG2QogNDcc0z8wkIwmODvuSQJlrq4fIW6sN7nNk3F6DZDDOY9g0g=="],

    "bun-types": ["bun-types@1.4.0", "", { "dependencies": { "@types/node": "*" } }, "sha512-iIKw23BspnQQYd3prITOBxeUsxBHnwzX6YJfGMuNOZzeNcMmVqzIIVGRm1l69ogaPQmb4wB6BN8mA5bE9YuC5Q=="],

    "csstype": ["csstype@3.2.3", "", {}, "sha512-z1HGKcYy2xA8AGQfwrn0PAy+PB7X/GSj3UVJW9qKyn43xWa+gl5nXmU4qqLMRzWVLFC8KusUX8T/0kCiOYpAIQ=="],

    "js-cookie": ["js-cookie@3.0.8", "", {}, "sha512-yeJd4aNAdYZQjaon2bpD/Gb0B/omw7HQOsynXXcOiWVCacbBcPlgn8S/d1X6blFSaHao7ozqtW7NZW19xpCtIw=="],

    "ky": ["ky@2.0.2", "", {}, "sha512-/GmXpo9F9W+f8n4Ivr2iH+7h7wL7jLbLKWkMlpflcCRb6kGjBfTlASEXaZ9qUgNTn4VgS0P2pwxxzQ4EM6Ulgg=="],

    "react": ["react@19.2.8", "", {}, "sha512-PWaYA1L/q9u2u7xYQi+Y3L3Yfnie7XyLeaJICV1MGD6LprsBxcAqGjYyr0eY3p+QdsA+x/Irkt4Qif8D63+Sbw=="],

    "react-dom": ["react-dom@19.2.8", "", { "dependencies": { "scheduler": "^0.27.0" }, "peerDependencies": { "react": "^19.2.8" } }, "sha512-rVprimfGBG3DR+Tq0IQG2DT5PxKth1WIGDmj5yPmlzr4YBe7uyE+Du4oVqTDXZSHGGGXRtTJEGSSePyQCMBglQ=="],

    "scheduler": ["scheduler@0.27.0", "", {}, "sha512-eNv+WrVbKu1f3vbYJT/xtiF5syA5HPIMtf9IgY/nKg0sWqzAUEvqY/xm7OcZc/qafLx/iO9FgOmeSAp4v5ti/Q=="],

    "typescript": ["typescript@5.9.3", "", { "bin": { "tsc": "bin/tsc", "tsserver": "bin/tsserver" } }, "sha512-jl1vZzPDinLr9eUt3J/t7V6FgNEw9QjvBPdysz9KfQDD41fQrC2Y4vKQdiaUpFT4bXlb1RHhLpp8wtm6M5TgSw=="],

    "undici-types": ["undici-types@8.3.0", "", {}, "sha512-j375ScV60dom+YkPFIfTLcOiPxkN/buHz5GobjLhixFuANaNs3C9l4GmrWqejgXWJ7BbJcFYpTEUkS1Ge8bpZQ=="],

    "use-long-press": ["use-long-press@3.3.0", "", { "peerDependencies": { "react": ">=16.8.0" } }, "sha512-Yedz46ILxsb1BTS6kUzpV/wyEZPUlJDq+8Oat0LP1eOZQHbS887baJHJbIGENqCo8wTKNxmoTHLdY8lU/e+wvw=="],

    "user-agent-data-types": ["user-agent-data-types@0.4.3", "", {}, "sha512-Dn3fjwVgeM363mx1sEgOpOp9NNqHBj6Gn68dFbV1WoTr3s05CijKdxfH6A3Q5uzXnYNB6vdAfs/1HWFpObc7EQ=="],
  }
}
